// !$*UTF8*$!
{
	archiveVersion = 1;
	classes = {
	};
	objectVersion = 56;
	objects = {

/* Begin PBXBuildFile section */
		E8006B5B2A5BF5D5007DF3ED /* LoremIpsumGenerator.swift in Sources */ = {isa = PBXBuildFile; fileRef = E8006B5A2A5BF5D5007DF3ED /* LoremIpsumGenerator.swift */; };
		E82222AA2A6863720036B42E /* WriteLog.swift in Sources */ = {isa = PBXBuildFile; fileRef = E82222A92A6863720036B42E /* WriteLog.swift */; };
		E82E60422A5D5A7C00595D08 /* LoremIpsumModel.swift in Sources */ = {isa = PBXBuildFile; fileRef = E82E60412A5D5A7C00595D08 /* LoremIpsumModel.swift */; };
		E860D2FF2A7018170025C88F /* NSColor+Extension.swift in Sources */ = {isa = PBXBuildFile; fileRef = E860D2ED2A7018170025C88F /* NSColor+Extension.swift */; };
		E860D3002A7018170025C88F /* Colors.swift in Sources */ = {isa = PBXBuildFile; fileRef = E860D2EE2A7018170025C88F /* Colors.swift */; };
		E860D3012A7018170025C88F /* EnumPicker.swift in Sources */ = {isa = PBXBuildFile; fileRef = E860D2EF2A7018170025C88F /* EnumPicker.swift */; };
		E860D3022A7018170025C88F /* ColorPanel.swift in Sources */ = {isa = PBXBuildFile; fileRef = E860D2F02A7018170025C88F /* ColorPanel.swift */; };
		E860D3042A7018170025C88F /* Defaults+Extension.swift in Sources */ = {isa = PBXBuildFile; fileRef = E860D2F32A7018170025C88F /* Defaults+Extension.swift */; };
		E860D3052A7018170025C88F /* ColorWindowState.swift in Sources */ = {isa = PBXBuildFile; fileRef = E860D2F42A7018170025C88F /* ColorWindowState.swift */; };
		E860D3062A7018170025C88F /* NSPasteBoard+Extension.swift in Sources */ = {isa = PBXBuildFile; fileRef = E860D2F52A7018170025C88F /* NSPasteBoard+Extension.swift */; };
		E860D3072A7018170025C88F /* ColorPickerScreen.swift in Sources */ = {isa = PBXBuildFile; fileRef = E860D2F62A7018170025C88F /* ColorPickerScreen.swift */; };
		E860D3082A7018170025C88F /* Constants.swift in Sources */ = {isa = PBXBuildFile; fileRef = E860D2F72A7018170025C88F /* Constants.swift */; };
		E860D3092A7018170025C88F /* NativeTextField.swift in Sources */ = {isa = PBXBuildFile; fileRef = E860D2F82A7018170025C88F /* NativeTextField.swift */; };
		E860D30B2A7018170025C88F /* SettingsScreen.swift in Sources */ = {isa = PBXBuildFile; fileRef = E860D2FA2A7018170025C88F /* SettingsScreen.swift */; };
		E860D30C2A7018170025C88F /* Utilities.swift in Sources */ = {isa = PBXBuildFile; fileRef = E860D2FB2A7018170025C88F /* Utilities.swift */; };
		E860D30D2A7018170025C88F /* String+Extension.swift in Sources */ = {isa = PBXBuildFile; fileRef = E860D2FC2A7018170025C88F /* String+Extension.swift */; };
		E860D30E2A7018170025C88F /* NSView+Extension.swift in Sources */ = {isa = PBXBuildFile; fileRef = E860D2FD2A7018170025C88F /* NSView+Extension.swift */; };
		E860D30F2A7018170025C88F /* SSApp.swift in Sources */ = {isa = PBXBuildFile; fileRef = E860D2FE2A7018170025C88F /* SSApp.swift */; };
		E860D3172A7019B50025C88F /* LaunchAtLogin in Frameworks */ = {isa = PBXBuildFile; productRef = E860D3162A7019B50025C88F /* LaunchAtLogin */; };
		E860D31A2A701A120025C88F /* Defaults in Frameworks */ = {isa = PBXBuildFile; productRef = E860D3192A701A120025C88F /* Defaults */; };
		E8B26CC42A5AFF700012004F /* AboutDevToolsView.swift in Sources */ = {isa = PBXBuildFile; fileRef = E8B26CC32A5AFF700012004F /* AboutDevToolsView.swift */; };
		E8B9FE4D2A5DA0150007E8FC /* LIWordOptions.swift in Sources */ = {isa = PBXBuildFile; fileRef = E8B9FE4C2A5DA0150007E8FC /* LIWordOptions.swift */; };
		E8B9FE4F2A5DA03D0007E8FC /* LISentenceOptions.swift in Sources */ = {isa = PBXBuildFile; fileRef = E8B9FE4E2A5DA03D0007E8FC /* LISentenceOptions.swift */; };
		E8B9FE512A5DA06A0007E8FC /* LIParagraphOptions.swift in Sources */ = {isa = PBXBuildFile; fileRef = E8B9FE502A5DA06A0007E8FC /* LIParagraphOptions.swift */; };
		E8EADC532A5AB38D004DE53E /* DevHelpersApp.swift in Sources */ = {isa = PBXBuildFile; fileRef = E8EADC522A5AB38D004DE53E /* DevHelpersApp.swift */; };
		E8EADC572A5AB38E004DE53E /* Assets.xcassets in Resources */ = {isa = PBXBuildFile; fileRef = E8EADC562A5AB38E004DE53E /* Assets.xcassets */; };
		E8EADC5A2A5AB38E004DE53E /* Preview Assets.xcassets in Resources */ = {isa = PBXBuildFile; fileRef = E8EADC592A5AB38E004DE53E /* Preview Assets.xcassets */; };
		E8EADC622A5AB544004DE53E /* LoremIpsumView.swift in Sources */ = {isa = PBXBuildFile; fileRef = E8EADC612A5AB544004DE53E /* LoremIpsumView.swift */; };
		E8FC4E422A7044B3009496D4 /* HostimgWindowFinder.swift in Sources */ = {isa = PBXBuildFile; fileRef = E8FC4E412A7044B3009496D4 /* HostimgWindowFinder.swift */; };
/* End PBXBuildFile section */

/* Begin PBXFileReference section */
		E8006B5A2A5BF5D5007DF3ED /* LoremIpsumGenerator.swift */ = {isa = PBXFileReference; lastKnownFileType = sourcecode.swift; path = LoremIpsumGenerator.swift; sourceTree = "<group>"; };
		E82222A92A6863720036B42E /* WriteLog.swift */ = {isa = PBXFileReference; fileEncoding = 4; lastKnownFileType = sourcecode.swift; path = WriteLog.swift; sourceTree = "<group>"; };
		E82E60412A5D5A7C00595D08 /* LoremIpsumModel.swift */ = {isa = PBXFileReference; lastKnownFileType = sourcecode.swift; path = LoremIpsumModel.swift; sourceTree = "<group>"; };
		E860D2ED2A7018170025C88F /* NSColor+Extension.swift */ = {isa = PBXFileReference; fileEncoding = 4; lastKnownFileType = sourcecode.swift; path = "NSColor+Extension.swift"; sourceTree = "<group>"; };
		E860D2EE2A7018170025C88F /* Colors.swift */ = {isa = PBXFileReference; fileEncoding = 4; lastKnownFileType = sourcecode.swift; path = Colors.swift; sourceTree = "<group>"; };
		E860D2EF2A7018170025C88F /* EnumPicker.swift */ = {isa = PBXFileReference; fileEncoding = 4; lastKnownFileType = sourcecode.swift; path = EnumPicker.swift; sourceTree = "<group>"; };
		E860D2F02A7018170025C88F /* ColorPanel.swift */ = {isa = PBXFileReference; fileEncoding = 4; lastKnownFileType = sourcecode.swift; path = ColorPanel.swift; sourceTree = "<group>"; };
		E860D2F32A7018170025C88F /* Defaults+Extension.swift */ = {isa = PBXFileReference; fileEncoding = 4; lastKnownFileType = sourcecode.swift; path = "Defaults+Extension.swift"; sourceTree = "<group>"; };
		E860D2F42A7018170025C88F /* ColorWindowState.swift */ = {isa = PBXFileReference; fileEncoding = 4; lastKnownFileType = sourcecode.swift; path = ColorWindowState.swift; sourceTree = "<group>"; };
		E860D2F52A7018170025C88F /* NSPasteBoard+Extension.swift */ = {isa = PBXFileReference; fileEncoding = 4; lastKnownFileType = sourcecode.swift; path = "NSPasteBoard+Extension.swift"; sourceTree = "<group>"; };
		E860D2F62A7018170025C88F /* ColorPickerScreen.swift */ = {isa = PBXFileReference; fileEncoding = 4; lastKnownFileType = sourcecode.swift; path = ColorPickerScreen.swift; sourceTree = "<group>"; };
		E860D2F72A7018170025C88F /* Constants.swift */ = {isa = PBXFileReference; fileEncoding = 4; lastKnownFileType = sourcecode.swift; path = Constants.swift; sourceTree = "<group>"; };
		E860D2F82A7018170025C88F /* NativeTextField.swift */ = {isa = PBXFileReference; fileEncoding = 4; lastKnownFileType = sourcecode.swift; path = NativeTextField.swift; sourceTree = "<group>"; };
		E860D2FA2A7018170025C88F /* SettingsScreen.swift */ = {isa = PBXFileReference; fileEncoding = 4; lastKnownFileType = sourcecode.swift; path = SettingsScreen.swift; sourceTree = "<group>"; };
		E860D2FB2A7018170025C88F /* Utilities.swift */ = {isa = PBXFileReference; fileEncoding = 4; lastKnownFileType = sourcecode.swift; path = Utilities.swift; sourceTree = "<group>"; };
		E860D2FC2A7018170025C88F /* String+Extension.swift */ = {isa = PBXFileReference; fileEncoding = 4; lastKnownFileType = sourcecode.swift; path = "String+Extension.swift"; sourceTree = "<group>"; };
		E860D2FD2A7018170025C88F /* NSView+Extension.swift */ = {isa = PBXFileReference; fileEncoding = 4; lastKnownFileType = sourcecode.swift; path = "NSView+Extension.swift"; sourceTree = "<group>"; };
		E860D2FE2A7018170025C88F /* SSApp.swift */ = {isa = PBXFileReference; fileEncoding = 4; lastKnownFileType = sourcecode.swift; path = SSApp.swift; sourceTree = "<group>"; };
		E8B26CC32A5AFF700012004F /* AboutDevToolsView.swift */ = {isa = PBXFileReference; lastKnownFileType = sourcecode.swift; path = AboutDevToolsView.swift; sourceTree = "<group>"; };
		E8B9FE4C2A5DA0150007E8FC /* LIWordOptions.swift */ = {isa = PBXFileReference; lastKnownFileType = sourcecode.swift; path = LIWordOptions.swift; sourceTree = "<group>"; };
		E8B9FE4E2A5DA03D0007E8FC /* LISentenceOptions.swift */ = {isa = PBXFileReference; lastKnownFileType = sourcecode.swift; path = LISentenceOptions.swift; sourceTree = "<group>"; };
		E8B9FE502A5DA06A0007E8FC /* LIParagraphOptions.swift */ = {isa = PBXFileReference; lastKnownFileType = sourcecode.swift; path = LIParagraphOptions.swift; sourceTree = "<group>"; };
		E8EADC4F2A5AB38D004DE53E /* DevHelpers.app */ = {isa = PBXFileReference; explicitFileType = wrapper.application; includeInIndex = 0; path = DevHelpers.app; sourceTree = BUILT_PRODUCTS_DIR; };
		E8EADC522A5AB38D004DE53E /* DevHelpersApp.swift */ = {isa = PBXFileReference; lastKnownFileType = sourcecode.swift; path = DevHelpersApp.swift; sourceTree = "<group>"; };
		E8EADC562A5AB38E004DE53E /* Assets.xcassets */ = {isa = PBXFileReference; lastKnownFileType = folder.assetcatalog; path = Assets.xcassets; sourceTree = "<group>"; };
		E8EADC592A5AB38E004DE53E /* Preview Assets.xcassets */ = {isa = PBXFileReference; lastKnownFileType = folder.assetcatalog; path = "Preview Assets.xcassets"; sourceTree = "<group>"; };
		E8EADC5B2A5AB38E004DE53E /* DevHelpers.entitlements */ = {isa = PBXFileReference; lastKnownFileType = text.plist.entitlements; path = DevHelpers.entitlements; sourceTree = "<group>"; };
		E8EADC612A5AB544004DE53E /* LoremIpsumView.swift */ = {isa = PBXFileReference; lastKnownFileType = sourcecode.swift; path = LoremIpsumView.swift; sourceTree = "<group>"; };
		E8FC4E412A7044B3009496D4 /* HostimgWindowFinder.swift */ = {isa = PBXFileReference; lastKnownFileType = sourcecode.swift; path = HostimgWindowFinder.swift; sourceTree = "<group>"; };
		E8FC4E432A7047F2009496D4 /* Config.xcconfig */ = {isa = PBXFileReference; lastKnownFileType = text.xcconfig; path = Config.xcconfig; sourceTree = "<group>"; };
/* End PBXFileReference section */

/* Begin PBXFrameworksBuildPhase section */
		E8EADC4C2A5AB38D004DE53E /* Frameworks */ = {
			isa = PBXFrameworksBuildPhase;
			buildActionMask = 2147483647;
			files = (
				E860D31A2A701A120025C88F /* Defaults in Frameworks */,
				E860D3172A7019B50025C88F /* LaunchAtLogin in Frameworks */,
			);
			runOnlyForDeploymentPostprocessing = 0;
		};
/* End PBXFrameworksBuildPhase section */

/* Begin PBXGroup section */
		E82222A82A6863660036B42E /* Utilities */ = {
			isa = PBXGroup;
			children = (
				E82222A92A6863720036B42E /* WriteLog.swift */,
			);
			path = Utilities;
			sourceTree = "<group>";
		};
		E860D3102A70184C0025C88F /* Extensions */ = {
			isa = PBXGroup;
			children = (
				E860D2FC2A7018170025C88F /* String+Extension.swift */,
				E860D2ED2A7018170025C88F /* NSColor+Extension.swift */,
				E860D2F52A7018170025C88F /* NSPasteBoard+Extension.swift */,
				E860D2FD2A7018170025C88F /* NSView+Extension.swift */,
			);
			path = Extensions;
			sourceTree = "<group>";
		};
		E860D3112A70188D0025C88F /* Components */ = {
			isa = PBXGroup;
			children = (
				E860D2EF2A7018170025C88F /* EnumPicker.swift */,
				E860D2F82A7018170025C88F /* NativeTextField.swift */,
			);
			path = Components;
			sourceTree = "<group>";
		};
		E860D3122A7018BA0025C88F /* Utilities */ = {
			isa = PBXGroup;
			children = (
				E860D2EE2A7018170025C88F /* Colors.swift */,
				E860D2F72A7018170025C88F /* Constants.swift */,
				E860D2FB2A7018170025C88F /* Utilities.swift */,
			);
			path = Utilities;
			sourceTree = "<group>";
		};
		E860D3132A7018E40025C88F /* Color Screen */ = {
			isa = PBXGroup;
			children = (
				E860D2F02A7018170025C88F /* ColorPanel.swift */,
				E860D2F62A7018170025C88F /* ColorPickerScreen.swift */,
				E860D2F42A7018170025C88F /* ColorWindowState.swift */,
			);
			path = "Color Screen";
			sourceTree = "<group>";
		};
		E860D31B2A701C2D0025C88F /* SharedItems */ = {
			isa = PBXGroup;
			children = (
				E860D2FE2A7018170025C88F /* SSApp.swift */,
				E860D2F32A7018170025C88F /* Defaults+Extension.swift */,
				E8FC4E412A7044B3009496D4 /* HostimgWindowFinder.swift */,
			);
			path = SharedItems;
			sourceTree = "<group>";
		};
		E8B26CBF2A5AFECD0012004F /* ColorWheel */ = {
			isa = PBXGroup;
			children = (
				E860D3122A7018BA0025C88F /* Utilities */,
				E860D3102A70184C0025C88F /* Extensions */,
				E860D3112A70188D0025C88F /* Components */,
				E860D3132A7018E40025C88F /* Color Screen */,
			);
			path = ColorWheel;
			sourceTree = "<group>";
		};
		E8B26CC22A5AFF5E0012004F /* AdminViews */ = {
			isa = PBXGroup;
			children = (
				E8B26CC32A5AFF700012004F /* AboutDevToolsView.swift */,
				E860D2FA2A7018170025C88F /* SettingsScreen.swift */,
			);
			path = AdminViews;
			sourceTree = "<group>";
		};
		E8B26CC52A5B008E0012004F /* App */ = {
			isa = PBXGroup;
			children = (
				E8EADC522A5AB38D004DE53E /* DevHelpersApp.swift */,
			);
			path = App;
			sourceTree = "<group>";
		};
		E8EADC462A5AB38D004DE53E = {
			isa = PBXGroup;
			children = (
				E8FC4E432A7047F2009496D4 /* Config.xcconfig */,
				E8EADC512A5AB38D004DE53E /* DevHelpers */,
				E8EADC502A5AB38D004DE53E /* Products */,
			);
			sourceTree = "<group>";
		};
		E8EADC502A5AB38D004DE53E /* Products */ = {
			isa = PBXGroup;
			children = (
				E8EADC4F2A5AB38D004DE53E /* DevHelpers.app */,
			);
			name = Products;
			sourceTree = "<group>";
		};
		E8EADC512A5AB38D004DE53E /* DevHelpers */ = {
			isa = PBXGroup;
			children = (
				E860D31B2A701C2D0025C88F /* SharedItems */,
				E82222A82A6863660036B42E /* Utilities */,
				E8B26CC52A5B008E0012004F /* App */,
				E8B26CC22A5AFF5E0012004F /* AdminViews */,
				E8EADC632A5AB554004DE53E /* HelperViews */,
				E8EADC562A5AB38E004DE53E /* Assets.xcassets */,
				E8EADC5B2A5AB38E004DE53E /* DevHelpers.entitlements */,
				E8EADC582A5AB38E004DE53E /* Preview Content */,
			);
			path = DevHelpers;
			sourceTree = "<group>";
		};
		E8EADC582A5AB38E004DE53E /* Preview Content */ = {
			isa = PBXGroup;
			children = (
				E8EADC592A5AB38E004DE53E /* Preview Assets.xcassets */,
			);
			path = "Preview Content";
			sourceTree = "<group>";
		};
		E8EADC632A5AB554004DE53E /* HelperViews */ = {
			isa = PBXGroup;
			children = (
				E8B26CBF2A5AFECD0012004F /* ColorWheel */,
				E8EADC642A5AB567004DE53E /* LoremIpsum */,
			);
			path = HelperViews;
			sourceTree = "<group>";
		};
		E8EADC642A5AB567004DE53E /* LoremIpsum */ = {
			isa = PBXGroup;
			children = (
				E8EADC612A5AB544004DE53E /* LoremIpsumView.swift */,
				E8006B5A2A5BF5D5007DF3ED /* LoremIpsumGenerator.swift */,
				E82E60412A5D5A7C00595D08 /* LoremIpsumModel.swift */,
				E8B9FE4C2A5DA0150007E8FC /* LIWordOptions.swift */,
				E8B9FE4E2A5DA03D0007E8FC /* LISentenceOptions.swift */,
				E8B9FE502A5DA06A0007E8FC /* LIParagraphOptions.swift */,
			);
			path = LoremIpsum;
			sourceTree = "<group>";
		};
/* End PBXGroup section */

/* Begin PBXNativeTarget section */
		E8EADC4E2A5AB38D004DE53E /* DevHelpers */ = {
			isa = PBXNativeTarget;
			buildConfigurationList = E8EADC5E2A5AB38E004DE53E /* Build configuration list for PBXNativeTarget "DevHelpers" */;
			buildPhases = (
				E8EADC4B2A5AB38D004DE53E /* Sources */,
				E8EADC4C2A5AB38D004DE53E /* Frameworks */,
				E8EADC4D2A5AB38D004DE53E /* Resources */,
			);
			buildRules = (
			);
			dependencies = (
			);
			name = DevHelpers;
			packageProductDependencies = (
				E860D3162A7019B50025C88F /* LaunchAtLogin */,
				E860D3192A701A120025C88F /* Defaults */,
			);
			productName = DevHelpers;
			productReference = E8EADC4F2A5AB38D004DE53E /* DevHelpers.app */;
			productType = "com.apple.product-type.application";
		};
/* End PBXNativeTarget section */

/* Begin PBXProject section */
		E8EADC472A5AB38D004DE53E /* Project object */ = {
			isa = PBXProject;
			attributes = {
				BuildIndependentTargetsInParallel = 1;
				LastSwiftUpdateCheck = 1430;
				LastUpgradeCheck = 1430;
				TargetAttributes = {
					E8EADC4E2A5AB38D004DE53E = {
						CreatedOnToolsVersion = 14.3.1;
					};
				};
			};
			buildConfigurationList = E8EADC4A2A5AB38D004DE53E /* Build configuration list for PBXProject "DevHelpers" */;
			compatibilityVersion = "Xcode 14.0";
			developmentRegion = en;
			hasScannedForEncodings = 0;
			knownRegions = (
				en,
				Base,
			);
			mainGroup = E8EADC462A5AB38D004DE53E;
			packageReferences = (
				E860D3152A7019B50025C88F /* XCRemoteSwiftPackageReference "LaunchAtLogin" */,
				E860D3182A701A120025C88F /* XCRemoteSwiftPackageReference "Defaults" */,
			);
			productRefGroup = E8EADC502A5AB38D004DE53E /* Products */;
			projectDirPath = "";
			projectRoot = "";
			targets = (
				E8EADC4E2A5AB38D004DE53E /* DevHelpers */,
			);
		};
/* End PBXProject section */

/* Begin PBXResourcesBuildPhase section */
		E8EADC4D2A5AB38D004DE53E /* Resources */ = {
			isa = PBXResourcesBuildPhase;
			buildActionMask = 2147483647;
			files = (
				E8EADC5A2A5AB38E004DE53E /* Preview Assets.xcassets in Resources */,
				E8EADC572A5AB38E004DE53E /* Assets.xcassets in Resources */,
			);
			runOnlyForDeploymentPostprocessing = 0;
		};
/* End PBXResourcesBuildPhase section */

/* Begin PBXSourcesBuildPhase section */
		E8EADC4B2A5AB38D004DE53E /* Sources */ = {
			isa = PBXSourcesBuildPhase;
			buildActionMask = 2147483647;
			files = (
				E860D3072A7018170025C88F /* ColorPickerScreen.swift in Sources */,
				E8B9FE4F2A5DA03D0007E8FC /* LISentenceOptions.swift in Sources */,
				E860D3002A7018170025C88F /* Colors.swift in Sources */,
				E8B9FE512A5DA06A0007E8FC /* LIParagraphOptions.swift in Sources */,
				E860D3052A7018170025C88F /* ColorWindowState.swift in Sources */,
				E8B26CC42A5AFF700012004F /* AboutDevToolsView.swift in Sources */,
				E8FC4E422A7044B3009496D4 /* HostimgWindowFinder.swift in Sources */,
				E860D3062A7018170025C88F /* NSPasteBoard+Extension.swift in Sources */,
				E8EADC532A5AB38D004DE53E /* DevHelpersApp.swift in Sources */,
				E860D30E2A7018170025C88F /* NSView+Extension.swift in Sources */,
				E860D30B2A7018170025C88F /* SettingsScreen.swift in Sources */,
				E860D30C2A7018170025C88F /* Utilities.swift in Sources */,
				E860D2FF2A7018170025C88F /* NSColor+Extension.swift in Sources */,
				E860D3022A7018170025C88F /* ColorPanel.swift in Sources */,
				E860D30F2A7018170025C88F /* SSApp.swift in Sources */,
				E860D30D2A7018170025C88F /* String+Extension.swift in Sources */,
				E860D3042A7018170025C88F /* Defaults+Extension.swift in Sources */,
				E8006B5B2A5BF5D5007DF3ED /* LoremIpsumGenerator.swift in Sources */,
				E82E60422A5D5A7C00595D08 /* LoremIpsumModel.swift in Sources */,
				E82222AA2A6863720036B42E /* WriteLog.swift in Sources */,
				E8B9FE4D2A5DA0150007E8FC /* LIWordOptions.swift in Sources */,
				E860D3012A7018170025C88F /* EnumPicker.swift in Sources */,
				E860D3092A7018170025C88F /* NativeTextField.swift in Sources */,
				E8EADC622A5AB544004DE53E /* LoremIpsumView.swift in Sources */,
				E860D3082A7018170025C88F /* Constants.swift in Sources */,
			);
			runOnlyForDeploymentPostprocessing = 0;
		};
/* End PBXSourcesBuildPhase section */

/* Begin XCBuildConfiguration section */
		E8EADC5C2A5AB38E004DE53E /* Debug */ = {
			isa = XCBuildConfiguration;
			baseConfigurationReference = E8FC4E432A7047F2009496D4 /* Config.xcconfig */;
			buildSettings = {
				ALWAYS_SEARCH_USER_PATHS = NO;
				CLANG_ANALYZER_NONNULL = YES;
				CLANG_ANALYZER_NUMBER_OBJECT_CONVERSION = YES_AGGRESSIVE;
				CLANG_CXX_LANGUAGE_STANDARD = "gnu++20";
				CLANG_ENABLE_MODULES = YES;
				CLANG_ENABLE_OBJC_ARC = YES;
				CLANG_ENABLE_OBJC_WEAK = YES;
				CLANG_WARN_BLOCK_CAPTURE_AUTORELEASING = YES;
				CLANG_WARN_BOOL_CONVERSION = YES;
				CLANG_WARN_COMMA = YES;
				CLANG_WARN_CONSTANT_CONVERSION = YES;
				CLANG_WARN_DEPRECATED_OBJC_IMPLEMENTATIONS = YES;
				CLANG_WARN_DIRECT_OBJC_ISA_USAGE = YES_ERROR;
				CLANG_WARN_DOCUMENTATION_COMMENTS = YES;
				CLANG_WARN_EMPTY_BODY = YES;
				CLANG_WARN_ENUM_CONVERSION = YES;
				CLANG_WARN_INFINITE_RECURSION = YES;
				CLANG_WARN_INT_CONVERSION = YES;
				CLANG_WARN_NON_LITERAL_NULL_CONVERSION = YES;
				CLANG_WARN_OBJC_IMPLICIT_RETAIN_SELF = YES;
				CLANG_WARN_OBJC_LITERAL_CONVERSION = YES;
				CLANG_WARN_OBJC_ROOT_CLASS = YES_ERROR;
				CLANG_WARN_QUOTED_INCLUDE_IN_FRAMEWORK_HEADER = YES;
				CLANG_WARN_RANGE_LOOP_ANALYSIS = YES;
				CLANG_WARN_STRICT_PROTOTYPES = YES;
				CLANG_WARN_SUSPICIOUS_MOVE = YES;
				CLANG_WARN_UNGUARDED_AVAILABILITY = YES_AGGRESSIVE;
				CLANG_WARN_UNREACHABLE_CODE = YES;
				CLANG_WARN__DUPLICATE_METHOD_MATCH = YES;
				COPY_PHASE_STRIP = NO;
				DEBUG_INFORMATION_FORMAT = dwarf;
				ENABLE_STRICT_OBJC_MSGSEND = YES;
				ENABLE_TESTABILITY = YES;
				GCC_C_LANGUAGE_STANDARD = gnu11;
				GCC_DYNAMIC_NO_PIC = NO;
				GCC_NO_COMMON_BLOCKS = YES;
				GCC_OPTIMIZATION_LEVEL = 0;
				GCC_PREPROCESSOR_DEFINITIONS = (
					"DEBUG=1",
					"$(inherited)",
				);
				GCC_WARN_64_TO_32_BIT_CONVERSION = YES;
				GCC_WARN_ABOUT_RETURN_TYPE = YES_ERROR;
				GCC_WARN_UNDECLARED_SELECTOR = YES;
				GCC_WARN_UNINITIALIZED_AUTOS = YES_AGGRESSIVE;
				GCC_WARN_UNUSED_FUNCTION = YES;
				GCC_WARN_UNUSED_VARIABLE = YES;
				MACOSX_DEPLOYMENT_TARGET = 13.3;
				MTL_ENABLE_DEBUG_INFO = INCLUDE_SOURCE;
				MTL_FAST_MATH = YES;
				ONLY_ACTIVE_ARCH = YES;
				SDKROOT = macosx;
				SWIFT_ACTIVE_COMPILATION_CONDITIONS = DEBUG;
				SWIFT_OPTIMIZATION_LEVEL = "-Onone";
			};
			name = Debug;
		};
		E8EADC5D2A5AB38E004DE53E /* Release */ = {
			isa = XCBuildConfiguration;
			baseConfigurationReference = E8FC4E432A7047F2009496D4 /* Config.xcconfig */;
			buildSettings = {
				ALWAYS_SEARCH_USER_PATHS = NO;
				CLANG_ANALYZER_NONNULL = YES;
				CLANG_ANALYZER_NUMBER_OBJECT_CONVERSION = YES_AGGRESSIVE;
				CLANG_CXX_LANGUAGE_STANDARD = "gnu++20";
				CLANG_ENABLE_MODULES = YES;
				CLANG_ENABLE_OBJC_ARC = YES;
				CLANG_ENABLE_OBJC_WEAK = YES;
				CLANG_WARN_BLOCK_CAPTURE_AUTORELEASING = YES;
				CLANG_WARN_BOOL_CONVERSION = YES;
				CLANG_WARN_COMMA = YES;
				CLANG_WARN_CONSTANT_CONVERSION = YES;
				CLANG_WARN_DEPRECATED_OBJC_IMPLEMENTATIONS = YES;
				CLANG_WARN_DIRECT_OBJC_ISA_USAGE = YES_ERROR;
				CLANG_WARN_DOCUMENTATION_COMMENTS = YES;
				CLANG_WARN_EMPTY_BODY = YES;
				CLANG_WARN_ENUM_CONVERSION = YES;
				CLANG_WARN_INFINITE_RECURSION = YES;
				CLANG_WARN_INT_CONVERSION = YES;
				CLANG_WARN_NON_LITERAL_NULL_CONVERSION = YES;
				CLANG_WARN_OBJC_IMPLICIT_RETAIN_SELF = YES;
				CLANG_WARN_OBJC_LITERAL_CONVERSION = YES;
				CLANG_WARN_OBJC_ROOT_CLASS = YES_ERROR;
				CLANG_WARN_QUOTED_INCLUDE_IN_FRAMEWORK_HEADER = YES;
				CLANG_WARN_RANGE_LOOP_ANALYSIS = YES;
				CLANG_WARN_STRICT_PROTOTYPES = YES;
				CLANG_WARN_SUSPICIOUS_MOVE = YES;
				CLANG_WARN_UNGUARDED_AVAILABILITY = YES_AGGRESSIVE;
				CLANG_WARN_UNREACHABLE_CODE = YES;
				CLANG_WARN__DUPLICATE_METHOD_MATCH = YES;
				COPY_PHASE_STRIP = NO;
				DEBUG_INFORMATION_FORMAT = "dwarf-with-dsym";
				ENABLE_NS_ASSERTIONS = NO;
				ENABLE_STRICT_OBJC_MSGSEND = YES;
				GCC_C_LANGUAGE_STANDARD = gnu11;
				GCC_NO_COMMON_BLOCKS = YES;
				GCC_WARN_64_TO_32_BIT_CONVERSION = YES;
				GCC_WARN_ABOUT_RETURN_TYPE = YES_ERROR;
				GCC_WARN_UNDECLARED_SELECTOR = YES;
				GCC_WARN_UNINITIALIZED_AUTOS = YES_AGGRESSIVE;
				GCC_WARN_UNUSED_FUNCTION = YES;
				GCC_WARN_UNUSED_VARIABLE = YES;
				MACOSX_DEPLOYMENT_TARGET = 13.3;
				MTL_ENABLE_DEBUG_INFO = NO;
				MTL_FAST_MATH = YES;
				SDKROOT = macosx;
				SWIFT_COMPILATION_MODE = wholemodule;
				SWIFT_OPTIMIZATION_LEVEL = "-O";
			};
			name = Release;
		};
		E8EADC5F2A5AB38E004DE53E /* Debug */ = {
			isa = XCBuildConfiguration;
			baseConfigurationReference = E8FC4E432A7047F2009496D4 /* Config.xcconfig */;
			buildSettings = {
				ASSETCATALOG_COMPILER_APPICON_NAME = AppIcon;
				ASSETCATALOG_COMPILER_GLOBAL_ACCENT_COLOR_NAME = AccentColor;
				CODE_SIGN_ENTITLEMENTS = DevHelpers/DevHelpers.entitlements;
				CODE_SIGN_STYLE = Automatic;
				COMBINE_HIDPI_IMAGES = YES;
				CURRENT_PROJECT_VERSION = 1;
				DEVELOPMENT_ASSET_PATHS = "\"DevHelpers/Preview Content\"";
				DEVELOPMENT_TEAM = MH62Y8D74P;
				ENABLE_HARDENED_RUNTIME = YES;
				ENABLE_PREVIEWS = YES;
				GENERATE_INFOPLIST_FILE = YES;
				INFOPLIST_KEY_LSUIElement = YES;
				INFOPLIST_KEY_NSHumanReadableCopyright = "";
				LD_RUNPATH_SEARCH_PATHS = (
					"$(inherited)",
					"@executable_path/../Frameworks",
				);
				MARKETING_VERSION = 1.0;
				PRODUCT_BUNDLE_IDENTIFIER = uk.co.sabarnett.DevHelpers;
				PRODUCT_NAME = "$(TARGET_NAME)";
				SWIFT_EMIT_LOC_STRINGS = YES;
				SWIFT_VERSION = 5.0;
			};
			name = Debug;
		};
		E8EADC602A5AB38E004DE53E /* Release */ = {
			isa = XCBuildConfiguration;
			baseConfigurationReference = E8FC4E432A7047F2009496D4 /* Config.xcconfig */;
			buildSettings = {
				ASSETCATALOG_COMPILER_APPICON_NAME = AppIcon;
				ASSETCATALOG_COMPILER_GLOBAL_ACCENT_COLOR_NAME = AccentColor;
				CODE_SIGN_ENTITLEMENTS = DevHelpers/DevHelpers.entitlements;
				CODE_SIGN_STYLE = Automatic;
				COMBINE_HIDPI_IMAGES = YES;
				CURRENT_PROJECT_VERSION = 1;
				DEVELOPMENT_ASSET_PATHS = "\"DevHelpers/Preview Content\"";
				DEVELOPMENT_TEAM = MH62Y8D74P;
				ENABLE_HARDENED_RUNTIME = YES;
				ENABLE_PREVIEWS = YES;
				GENERATE_INFOPLIST_FILE = YES;
				INFOPLIST_KEY_LSUIElement = YES;
				INFOPLIST_KEY_NSHumanReadableCopyright = "";
				LD_RUNPATH_SEARCH_PATHS = (
					"$(inherited)",
					"@executable_path/../Frameworks",
				);
				MARKETING_VERSION = 1.0;
				PRODUCT_BUNDLE_IDENTIFIER = uk.co.sabarnett.DevHelpers;
				PRODUCT_NAME = "$(TARGET_NAME)";
				SWIFT_EMIT_LOC_STRINGS = YES;
				SWIFT_VERSION = 5.0;
			};
			name = Release;
		};
/* End XCBuildConfiguration section */

/* Begin XCConfigurationList section */
		E8EADC4A2A5AB38D004DE53E /* Build configuration list for PBXProject "DevHelpers" */ = {
			isa = XCConfigurationList;
			buildConfigurations = (
				E8EADC5C2A5AB38E004DE53E /* Debug */,
				E8EADC5D2A5AB38E004DE53E /* Release */,
			);
			defaultConfigurationIsVisible = 0;
			defaultConfigurationName = Release;
		};
		E8EADC5E2A5AB38E004DE53E /* Build configuration list for PBXNativeTarget "DevHelpers" */ = {
			isa = XCConfigurationList;
			buildConfigurations = (
				E8EADC5F2A5AB38E004DE53E /* Debug */,
				E8EADC602A5AB38E004DE53E /* Release */,
			);
			defaultConfigurationIsVisible = 0;
			defaultConfigurationName = Release;
		};
/* End XCConfigurationList section */

/* Begin XCRemoteSwiftPackageReference section */
		E860D3152A7019B50025C88F /* XCRemoteSwiftPackageReference "LaunchAtLogin" */ = {
			isa = XCRemoteSwiftPackageReference;
			repositoryURL = "https://github.com/sindresorhus/LaunchAtLogin";
			requirement = {
				branch = main;
				kind = branch;
			};
		};
		E860D3182A701A120025C88F /* XCRemoteSwiftPackageReference "Defaults" */ = {
			isa = XCRemoteSwiftPackageReference;
			repositoryURL = "https://github.com/sindresorhus/Defaults";
			requirement = {
				branch = main;
				kind = branch;
			};
		};
/* End XCRemoteSwiftPackageReference section */

/* Begin XCSwiftPackageProductDependency section */
		E860D3162A7019B50025C88F /* LaunchAtLogin */ = {
			isa = XCSwiftPackageProductDependency;
			package = E860D3152A7019B50025C88F /* XCRemoteSwiftPackageReference "LaunchAtLogin" */;
			productName = LaunchAtLogin;
		};
		E860D3192A701A120025C88F /* Defaults */ = {
			isa = XCSwiftPackageProductDependency;
			package = E860D3182A701A120025C88F /* XCRemoteSwiftPackageReference "Defaults" */;
			productName = Defaults;
		};
/* End XCSwiftPackageProductDependency section */
	};
	rootObject = E8EADC472A5AB38D004DE53E /* Project object */;
}
